
Microsoft Visual Studio Solution File, Format Version 12.00
# Visual Studio Version 16
VisualStudioVersion = 16.0.30011.22
MinimumVisualStudioVersion = 10.0.40219.1
Project("{FAE04EC0-301F-11D3-BF4B-00C04F79EFBC}") = "escada", "escada.csproj", "{CEFB69ED-20DF-4D80-A38E-75608193638E}"
EndProject
Global
	GlobalSection(SolutionConfigurationPlatforms) = preSolution
		Debug|Any CPU = Debug|Any CPU
		Release|Any CPU = Release|Any CPU
	EndGlobalSection
	GlobalSection(ProjectConfigurationPlatforms) = postSolution
		{CEFB69ED-20DF-4D80-A38E-75608193638E}.Debug|Any CPU.ActiveCfg = Debug|Any CPU
		{CEFB69ED-20DF-4D80-A38E-75608193638E}.Debug|Any CPU.Build.0 = Debug|Any CPU
		{CEFB69ED-20DF-4D80-A38E-75608193638E}.Release|Any CPU.ActiveCfg = Release|Any CPU
		{CEFB69ED-20DF-4D80-A38E-75608193638E}.Release|Any CPU.Build.0 = Release|Any CPU
	EndGlobalSection
	GlobalSection(SolutionProperties) = preSolution
		HideSolutionNode = FALSE
	EndGlobalSection
	GlobalSection(ExtensibilityGlobals) = postSolution
		SolutionGuid = {2D4C3313-D733-45AA-9CF4-3F215BA031F2}
	EndGlobalSection
EndGlobal
